<?xml version="1.0" encoding="utf-8"?>
<Project ToolsVersion="4.0" xmlns="http://schemas.microsoft.com/developer/msbuild/2003">
  <ItemGroup>
    <ClCompile Include="main.cpp" />
    <ClCompile Include="ClientConnection.cpp">
      <Filter>Source Files\Server</Filter>
    </ClCompile>
    <ClCompile Include="DatabaseManager.cpp">
      <Filter>Source Files\Server</Filter>
    </ClCompile>
    <ClCompile Include="MessageQueueReader.cpp">
      <Filter>Source Files\Server</Filter>
    </ClCompile>
    <ClCompile Include="MessageQueueWriter.cpp">
      <Filter>Source Files\Server</Filter>
    </ClCompile>
    <ClCompile Include="Server.cpp">
      <Filter>Source Files\Server</Filter>
    </ClCompile>
    <ClCompile Include="SocketManager.cpp">
      <Filter>Source Files\Shared</Filter>
    </ClCompile>
    <ClCompile Include="SharedMemoryManager.cpp">
      <Filter>Source Files\Shared</Filter>
    </ClCompile>
  </ItemGroup>
  <ItemGroup>
    <Filter Include="Header Files">
      <UniqueIdentifier>{5dd513f4-c716-419c-bf13-b24e9b556613}</UniqueIdentifier>
    </Filter>
    <Filter Include="Source Files">
      <UniqueIdentifier>{386ae56e-958c-44ba-b55d-1013529da41d}</UniqueIdentifier>
    </Filter>
    <Filter Include="Header Files\Server">
      <UniqueIdentifier>{a2db2126-d5de-4eca-8576-5b38c89f3980}</UniqueIdentifier>
    </Filter>
    <Filter Include="Source Files\Server">
      <UniqueIdentifier>{ed365748-6f64-40ef-8b16-312fa0f43aa3}</UniqueIdentifier>
    </Filter>
    <Filter Include="Header Files\Shared">
      <UniqueIdentifier>{55cd5699-85d2-4655-b222-ac850100a8c1}</UniqueIdentifier>
    </Filter>
    <Filter Include="Source Files\Shared">
      <UniqueIdentifier>{9184b78c-2a64-4853-aa06-2bc588207d50}</UniqueIdentifier>
    </Filter>
  </ItemGroup>
  <ItemGroup>
    <ClInclude Include="ClientConnection.h">
      <Filter>Header Files\Server</Filter>
    </ClInclude>
    <ClInclude Include="DatabaseManager.h">
      <Filter>Header Files\Server</Filter>
    </ClInclude>
    <ClInclude Include="MessageQueueReader.h">
      <Filter>Header Files\Server</Filter>
    </ClInclude>
    <ClInclude Include="MessageQueueWriter.h">
      <Filter>Header Files\Server</Filter>
    </ClInclude>
    <ClInclude Include="operation.h">
      <Filter>Header Files\Server</Filter>
    </ClInclude>
    <ClInclude Include="Server.h">
      <Filter>Header Files\Server</Filter>
    </ClInclude>
    <ClInclude Include="AccountRequest.h">
      <Filter>Header Files\Shared</Filter>
    </ClInclude>
    <ClInclude Include="Message.h">
      <Filter>Header Files\Shared</Filter>
    </ClInclude>
    <ClInclude Include="UserAccountRequest.h">
      <Filter>Header Files\Shared</Filter>
    </ClInclude>
    <ClInclude Include="SocketManager.h">
      <Filter>Header Files\Server</Filter>
    </ClInclude>
    <ClInclude Include="SharedMemoryManager.h">
      <Filter>Header Files\Shared</Filter>
    </ClInclude>
    <ClInclude Include="SharedMemoryStatus.h">
      <Filter>Header Files\Shared</Filter>
    </ClInclude>
  </ItemGroup>
</Project>