<?xml version="1.0" encoding="utf-8"?>
<Project ToolsVersion="4.0" xmlns="http://schemas.microsoft.com/developer/msbuild/2003">
  <ItemGroup>
    <ClCompile Include="main.cpp" />
    <ClCompile Include="Client.cpp">
      <Filter>Source Files\Client</Filter>
    </ClCompile>
    <ClCompile Include="UserInputManager.cpp">
      <Filter>Source Files\Client</Filter>
    </ClCompile>
    <ClCompile Include="UserInterface.cpp">
      <Filter>Source Files\Client</Filter>
    </ClCompile>
    <ClCompile Include="SocketManager.cpp">
      <Filter>Source Files\Shared</Filter>
    </ClCompile>
  </ItemGroup>
  <ItemGroup>
    <Filter Include="Header Files">
      <UniqueIdentifier>{55f6db95-52f2-44ff-8cec-c01bcba892f8}</UniqueIdentifier>
    </Filter>
    <Filter Include="Source Files">
      <UniqueIdentifier>{950dd35d-35cf-4477-9250-12db875707db}</UniqueIdentifier>
    </Filter>
    <Filter Include="Header Files\Shared">
      <UniqueIdentifier>{a07d71f8-abae-40f4-a5a1-deb135460686}</UniqueIdentifier>
    </Filter>
    <Filter Include="Source Files\Client">
      <UniqueIdentifier>{4f8e979d-00c7-4290-89c1-9ac9238629d8}</UniqueIdentifier>
    </Filter>
    <Filter Include="Source Files\Shared">
      <UniqueIdentifier>{ba25a105-96cc-4e73-834c-781dcb608c54}</UniqueIdentifier>
    </Filter>
    <Filter Include="Header Files\Client">
      <UniqueIdentifier>{92450408-fd62-48c6-987e-52aaa2ec8f9e}</UniqueIdentifier>
    </Filter>
  </ItemGroup>
  <ItemGroup>
    <ClInclude Include="AccountRequest.h">
      <Filter>Header Files\Shared</Filter>
    </ClInclude>
    <ClInclude Include="UserAccountRequest.h">
      <Filter>Header Files\Shared</Filter>
    </ClInclude>
    <ClInclude Include="Message.h">
      <Filter>Header Files\Shared</Filter>
    </ClInclude>
    <ClInclude Include="Client.h">
      <Filter>Header Files\Client</Filter>
    </ClInclude>
    <ClInclude Include="UserInputManager.h">
      <Filter>Header Files\Client</Filter>
    </ClInclude>
    <ClInclude Include="UserInterface.h">
      <Filter>Header Files\Client</Filter>
    </ClInclude>
    <ClInclude Include="SocketManager.h">
      <Filter>Header Files\Shared</Filter>
    </ClInclude>
  </ItemGroup>
</Project>